
Microsoft Visual Studio Solution File, Format Version 12.00
# Visual Studio Version 17
VisualStudioVersion = 17.7.34031.279
MinimumVisualStudioVersion = 10.0.40219.1
Project("{FAE04EC0-301F-11D3-BF4B-00C04F79EFBC}") = "AndresGuaman_DF", "AndresGuaman_DF.csproj", "{87F37F69-EFD6-44C2-BF09-B00177D38B76}"
EndProject
Global
	GlobalSection(SolutionConfigurationPlatforms) = preSolution
		Debug|Any CPU = Debug|Any CPU
		Release|Any CPU = Release|Any CPU
	EndGlobalSection
	GlobalSection(ProjectConfigurationPlatforms) = postSolution
		{87F37F69-EFD6-44C2-BF09-B00177D38B76}.Debug|Any CPU.ActiveCfg = Debug|Any CPU
		{87F37F69-EFD6-44C2-BF09-B00177D38B76}.Debug|Any CPU.Build.0 = Debug|Any CPU
		{87F37F69-EFD6-44C2-BF09-B00177D38B76}.Release|Any CPU.ActiveCfg = Release|Any CPU
		{87F37F69-EFD6-44C2-BF09-B00177D38B76}.Release|Any CPU.Build.0 = Release|Any CPU
	EndGlobalSection
	GlobalSection(SolutionProperties) = preSolution
		HideSolutionNode = FALSE
	EndGlobalSection
	GlobalSection(ExtensibilityGlobals) = postSolution
		SolutionGuid = {11123E71-D711-47E5-A65F-57240A2522D8}
	EndGlobalSection
EndGlobal
